
Microsoft Visual Studio Solution File, Format Version 12.00
# Visual Studio Version 16
VisualStudioVersion = 16.0.31005.135
MinimumVisualStudioVersion = 10.0.40219.1
Project("{FAE04EC0-301F-11D3-BF4B-00C04F79EFBC}") = "WatchDog_V1", "WatchDog_V1\WatchDog_V1.csproj", "{9462CAB2-FA65-4616-A06A-DC0C68D5C259}"
EndProject
Global
	GlobalSection(SolutionConfigurationPlatforms) = preSolution
		Debug|Any CPU = Debug|Any CPU
		Release|Any CPU = Release|Any CPU
	EndGlobalSection
	GlobalSection(ProjectConfigurationPlatforms) = postSolution
		{9462CAB2-FA65-4616-A06A-DC0C68D5C259}.Debug|Any CPU.ActiveCfg = Debug|Any CPU
		{9462CAB2-FA65-4616-A06A-DC0C68D5C259}.Debug|Any CPU.Build.0 = Debug|Any CPU
		{9462CAB2-FA65-4616-A06A-DC0C68D5C259}.Release|Any CPU.ActiveCfg = Release|Any CPU
		{9462CAB2-FA65-4616-A06A-DC0C68D5C259}.Release|Any CPU.Build.0 = Release|Any CPU
	EndGlobalSection
	GlobalSection(SolutionProperties) = preSolution
		HideSolutionNode = FALSE
	EndGlobalSection
	GlobalSection(ExtensibilityGlobals) = postSolution
		SolutionGuid = {57F744B5-B498-4A37-B422-A489FA16EF6A}
	EndGlobalSection
EndGlobal
